{
  "nodes": {
    "ace-step-src": {
      "flake": false,
      "locked": {
        "lastModified": 1787991918,
        "narHash": "sha256-2hyCrIRNbRpBY1rhHV/c0Ag4+QFlYshY+4p6kzD3oeo=",
        "owner": "ACE-Step",
        "repo": "ACE-Step-1.5",
        "rev": "ca1e85fe9430179831e6bc6be790c332190a3866",
        "type": "github"
      },
      "original": {
        "owner": "ACE-Step",
        "repo": "ACE-Step-1.5",
        "type": "github"
      }
    },
    "agenix": {
      "inputs": {
        "nixpkgs": [
          "nixpkgs"
        ]
      },
      "locked": {
        "lastModified": 1790555459,
        "narHash": "sha256-ftyJcr21FzMLq4hnzg3COo7gITOkJ4j+ey0miWCTU3U=",
        "owner": "ryantm",
        "repo": "agenix",
        "rev": "b485690a7c97b3793a41dd57edfb05ac84343813",
        "type": "github"
      },
      "original": {
        "owner": "ryantm",
        "repo": "agenix",
        "type": "github"
      }
    },
    "colmena": {
      "inputs": {
        "nix-github-actions": "nix-github-actions",
        "nixpkgs": [
          "nixpkgs"
        ],
        "stable": [
          "nixpkgs"
        ],
        "systems": "systems"
      },
      "locked": {
        "lastModified": 1790621818,
        "narHash": "sha256-s6Ljl/2+bi6mwEI08pbdocSfnYyeDpMUMcjLgJSz1N8=",
        "owner": "nix-community",
        "repo": "colmena",
        "rev": "edf244e8f343f72039e4e789a2f67396c446d56d",
        "type": "github"
      },
      "original": {
        "owner": "nix-community",
        "repo": "colmena",
        "type": "github"
      }
    },
    "devshell": {
      "inputs": {
        "nixpkgs": [
          "nixpkgs"
        ]
      },
      "locked": {
        "lastModified": 1788342953,
        "narHash": "sha256-EWkNM4JzBhZ/Yn1PG6lP4/QJuFAFeHYlY5gVxXu940Y=",
        "owner": "numtide",
        "repo": "devshell",
        "rev": "a67c0f87b63bcbdbdcb56785bec0205a2e3d6026",
        "type": "github"
      },
      "original": {
        "owner": "numtide",
        "repo": "devshell",
        "type": "github"
      }
    },
    "disko": {
      "inputs": {
        "nixpkgs": [
          "nixpkgs"
        ]
      },
      "locked": {
        "lastModified": 1789770686,
        "narHash": "sha256-uZkBR7yHdIKUFB5SZdfgh1qkGfI3XmYmI/lTiquxbck=",
        "owner": "nix-community",
        "repo": "disko",
        "rev": "725ea35e410ad83be4931d1bff7e090eacaf3563",
        "type": "github"
      },
      "original": {
        "owner": "nix-community",
        "repo": "disko",
        "type": "github"
      }
    },
    "millennium": {
      "inputs": {
        "millennium-src": "millennium-src",
        "nixpkgs": "nixpkgs"
      },
      "locked": {
        "dir": "packages/nix",
        "lastModified": 1790454049,
        "narHash": "sha256-9qTvdsFB8vMd5zA70sGZwt39fiY2qzQ+1NlNPtir/zY=",
        "owner": "illusaen",
        "repo": "Millennium",
        "rev": "a23c00ee5ed8b49bfee20d8eaca7d94c98715de3",
        "type": "github"
      },
      "original": {
        "dir": "packages/nix",
        "owner": "illusaen",
        "repo": "Millennium",
        "type": "github"
      }
    },
    "millennium-src": {
      "flake": false,
      "locked": {
        "lastModified": 1790436335,
        "narHash": "sha256-ghYUa4gPLV/VOflM2zkl/gtdwLWHQpRxG4boQoj4yKM=",
        "owner": "SteamClientHomebrew",
        "repo": "Millennium",
        "rev": "765aa8802f8a4d942ad8ac8323a9e0f233a50fa8",
        "type": "github"
      },
      "original": {
        "owner": "SteamClientHomebrew",
        "repo": "Millennium",
        "rev": "765aa8802f8a4d942ad8ac8323a9e0f233a50fa8",
        "type": "github"
      }
    },
    "nix-github-actions": {
      "inputs": {
        "nixpkgs": [
          "colmena",
          "nixpkgs"
        ]
      },
      "locked": {
        "lastModified": 1737420293,
        "narHash": "sha256-F1G5ifvqTpJq7fdkT34e/Jy9VCyzd5XfJ9TO8fHhJWE=",
        "owner": "nix-community",
        "repo": "nix-github-actions",
        "rev": "f4158fa080ef4503c8f4c820967d946c2af31ec9",
        "type": "github"
      },
      "original": {
        "owner": "nix-community",
        "repo": "nix-github-actions",
        "type": "github"
      }
    },
    "nixpkgs": {
      "locked": {
        "lastModified": 1781577229,
        "narHash": "sha256-lrp67w8AulE9Ks53n27I45ADSzbOCn4H+CNW1Ck8B+8=",
        "owner": "nixos",
        "repo": "nixpkgs",
        "rev": "567a49d1913ce81ac6e9582e3553dd90a955875f",
        "type": "github"
      },
      "original": {
        "owner": "nixos",
        "repo": "nixpkgs",
        "rev": "567a49d1913ce81ac6e9582e3553dd90a955875f",
        "type": "github"
      }
    },
    "nixpkgs_2": {
      "locked": {
        "lastModified": 1790578696,
        "narHash": "sha256-ZoxIApko70jCdbH3l20HWXOBaT2HZd87orzd2yJ9dVE=",
        "owner": "NixOS",
        "repo": "nixpkgs",
        "rev": "7a0f122f5090cf4c2ade2a13a0e229d4e19ba71f",
        "type": "github"
      },
      "original": {
        "owner": "NixOS",
        "ref": "nixos-unstable",
        "repo": "nixpkgs",
        "type": "github"
      }
    },
    "nixpkgs_3": {
      "locked": {
        "lastModified": 1785571196,
        "narHash": "sha256-xwSqxTsama0YTtS78+4YyCm6jJg09v78QWfP1cAyoVA=",
        "rev": "148bab9c1c3c53136ecb44a6ea356a0ed5b39b06",
        "type": "tarball",
        "url": "https://releases.nixos.org/nixos/unstable/nixos-26.11pre1045728.148bab9c1c3c/nixexprs.tar.xz"
      },
      "original": {
        "type": "tarball",
        "url": "https://channels.nixos.org/nixos-unstable/nixexprs.tar.xz"
      }
    },
    "noctalia": {
      "inputs": {
        "nixpkgs": [
          "nixpkgs"
        ]
      },
      "locked": {
        "lastModified": 1790691318,
        "narHash": "sha256-tafFEpBW/ffCk5I664k3kP+p1DyeLu0D9kfSYFFRuV4=",
        "owner": "noctalia-dev",
        "repo": "noctalia",
        "rev": "368755604302360009d9b94c6da5fc6162477733",
        "type": "github"
      },
      "original": {
        "owner": "noctalia-dev",
        "repo": "noctalia",
        "type": "github"
      }
    },
    "noctalia-greeter": {
      "inputs": {
        "nixpkgs": [
          "nixpkgs"
        ]
      },
      "locked": {
        "lastModified": 1790518002,
        "narHash": "sha256-agpHRmhsUL4ZNFseCNilGSiC/cc0S2tC1ZvC5rXmgtY=",
        "owner": "noctalia-dev",
        "repo": "noctalia-greeter",
        "rev": "44337ecba043749c29de6f3d563315b91987a908",
        "type": "github"
      },
      "original": {
        "owner": "noctalia-dev",
        "repo": "noctalia-greeter",
        "type": "github"
      }
    },
    "preservation": {
      "locked": {
        "lastModified": 1757436102,
        "narHash": "sha256-mMI9IanU+Xw+pVogD2oT0I2kTmvz2Un/Apc5+CwUpEY=",
        "owner": "nix-community",
        "repo": "preservation",
        "rev": "93416f4614ad2dfed5b0dcf12f27e57d27a5ab11",
        "type": "github"
      },
      "original": {
        "owner": "nix-community",
        "repo": "preservation",
        "type": "github"
      }
    },
    "pydot": {
      "inputs": {
        "devshell": [
          "devshell"
        ],
        "nixpkgs": [
          "nixpkgs"
        ],
        "pyproject-build-systems": "pyproject-build-systems",
        "pyproject-nix": "pyproject-nix",
        "treefmt-nix": "treefmt-nix",
        "uv2nix": "uv2nix"
      },
      "locked": {
        "lastModified": 1790561981,
        "narHash": "sha256-saAB5OOERLv9i0BKFFJQKHfCMqNaig46n6ZiFDh/M6g=",
        "path": "/home/wendy/Projects/pydot",
        "type": "path"
      },
      "original": {
        "path": "/home/wendy/Projects/pydot",
        "type": "path"
      }
    },
    "pyproject-build-systems": {
      "inputs": {
        "nixpkgs": [
          "pydot",
          "nixpkgs"
        ],
        "pyproject-nix": [
          "pydot",
          "pyproject-nix"
        ],
        "uv2nix": [
          "pydot",
          "uv2nix"
        ]
      },
      "locked": {
        "lastModified": 1789963190,
        "narHash": "sha256-mj5BLUKECIHv3rwkBXL6xQp45gIBJV7ZOYgT46LXwho=",
        "owner": "pyproject-nix",
        "repo": "build-system-pkgs",
        "rev": "14b45373ea9a14ed2fcd0abf3ed35c8e3c430020",
        "type": "github"
      },
      "original": {
        "owner": "pyproject-nix",
        "repo": "build-system-pkgs",
        "type": "github"
      }
    },
    "pyproject-build-systems_2": {
      "inputs": {
        "nixpkgs": [
          "nixpkgs"
        ],
        "pyproject-nix": [
          "pyproject-nix"
        ],
        "uv2nix": [
          "uv2nix"
        ]
      },
      "locked": {
        "lastModified": 1790565003,
        "narHash": "sha256-q4W45pwcae0gK41vxzqfmXOnODGKfduLJJdraPHYXcY=",
        "owner": "pyproject-nix",
        "repo": "build-system-pkgs",
        "rev": "c84c47bba26ea303eaefc137ab48307fe57a1be1",
        "type": "github"
      },
      "original": {
        "owner": "pyproject-nix",
        "repo": "build-system-pkgs",
        "type": "github"
      }
    },
    "pyproject-nix": {
      "inputs": {
        "nixpkgs": [
          "pydot",
          "nixpkgs"
        ]
      },
      "locked": {
        "lastModified": 1788394333,
        "narHash": "sha256-xYOP0Xym1eVGUaHFx+eJEaycFGoiCbst3fZf0xFHP78=",
        "owner": "pyproject-nix",
        "repo": "pyproject.nix",
        "rev": "6a8a7881d75b6f98967e7b8069f4ead331384301",
        "type": "github"
      },
      "original": {
        "owner": "pyproject-nix",
        "repo": "pyproject.nix",
        "type": "github"
      }
    },
    "pyproject-nix_2": {
      "inputs": {
        "nixpkgs": [
          "nixpkgs"
        ]
      },
      "locked": {
        "lastModified": 1788394333,
        "narHash": "sha256-xYOP0Xym1eVGUaHFx+eJEaycFGoiCbst3fZf0xFHP78=",
        "owner": "pyproject-nix",
        "repo": "pyproject.nix",
        "rev": "6a8a7881d75b6f98967e7b8069f4ead331384301",
        "type": "github"
      },
      "original": {
        "owner": "pyproject-nix",
        "repo": "pyproject.nix",
        "type": "github"
      }
    },
    "root": {
      "inputs": {
        "ace-step-src": "ace-step-src",
        "agenix": "agenix",
        "colmena": "colmena",
        "devshell": "devshell",
        "disko": "disko",
        "millennium": "millennium",
        "nixpkgs": "nixpkgs_2",
        "noctalia": "noctalia",
        "noctalia-greeter": "noctalia-greeter",
        "preservation": "preservation",
        "pydot": "pydot",
        "pyproject-build-systems": "pyproject-build-systems_2",
        "pyproject-nix": "pyproject-nix_2",
        "treefmt-nix": "treefmt-nix_2",
        "umbriel": "umbriel",
        "uv2nix": "uv2nix_2"
      }
    },
    "systems": {
      "locked": {
        "lastModified": 1776166891,
        "narHash": "sha256-bI8yrEGjrohR5hkQox7UrxDH7XqrYMwI8SL/LrJ1+S8=",
        "owner": "nix-systems",
        "repo": "triplet",
        "rev": "6de7bc09397911ce03636afbcf6118745ab2cda0",
        "type": "github"
      },
      "original": {
        "owner": "nix-systems",
        "repo": "triplet",
        "type": "github"
      }
    },
    "treefmt-nix": {
      "inputs": {
        "nixpkgs": [
          "pydot",
          "nixpkgs"
        ]
      },
      "locked": {
        "lastModified": 1786901030,
        "narHash": "sha256-WSFCsDSE5ffgD2MqzkM2CYjeFiKhRF/dJUN8uedb6YE=",
        "owner": "numtide",
        "repo": "treefmt-nix",
        "rev": "27b3b12a8e6375f28ebe122f07d230ca5459bbfa",
        "type": "github"
      },
      "original": {
        "owner": "numtide",
        "repo": "treefmt-nix",
        "type": "github"
      }
    },
    "treefmt-nix_2": {
      "inputs": {
        "nixpkgs": [
          "nixpkgs"
        ]
      },
      "locked": {
        "lastModified": 1786901030,
        "narHash": "sha256-WSFCsDSE5ffgD2MqzkM2CYjeFiKhRF/dJUN8uedb6YE=",
        "owner": "numtide",
        "repo": "treefmt-nix",
        "rev": "27b3b12a8e6375f28ebe122f07d230ca5459bbfa",
        "type": "github"
      },
      "original": {
        "owner": "numtide",
        "repo": "treefmt-nix",
        "type": "github"
      }
    },
    "umbriel": {
      "inputs": {
        "nixpkgs": "nixpkgs_3",
        "xdg-desktop-portal-umbriel": "xdg-desktop-portal-umbriel"
      },
      "locked": {
        "lastModified": 1790698417,
        "narHash": "sha256-qeS+2GkM4W5+tPSiRQgi87mVsMNgYBLTPcHVrEZwXNo=",
        "owner": "noctalia-dev",
        "repo": "umbriel",
        "rev": "3c8a09c90bbc8f5f3d78f20445e53a09aa1dbfa6",
        "type": "github"
      },
      "original": {
        "owner": "noctalia-dev",
        "repo": "umbriel",
        "type": "github"
      }
    },
    "uv2nix": {
      "inputs": {
        "nixpkgs": [
          "pydot",
          "nixpkgs"
        ],
        "pyproject-nix": [
          "pydot",
          "pyproject-nix"
        ]
      },
      "locked": {
        "lastModified": 1789383061,
        "narHash": "sha256-+DkygIVr/+RtXnsjd07BzFFB0ihwmjjLuYh1fyc/bCg=",
        "owner": "pyproject-nix",
        "repo": "uv2nix",
        "rev": "079be4e68c529c4cbc44dbf1afc692e4b30695b3",
        "type": "github"
      },
      "original": {
        "owner": "pyproject-nix",
        "repo": "uv2nix",
        "type": "github"
      }
    },
    "uv2nix_2": {
      "inputs": {
        "nixpkgs": [
          "nixpkgs"
        ],
        "pyproject-nix": [
          "pyproject-nix"
        ]
      },
      "locked": {
        "lastModified": 1790341335,
        "narHash": "sha256-wFnDm/o/4OebDlpGFyVXP8DLUx0/gR/jUFuGqmTwsQg=",
        "owner": "pyproject-nix",
        "repo": "uv2nix",
        "rev": "a24323e9e6ecbbf305c238845ff6c612d50467c0",
        "type": "github"
      },
      "original": {
        "owner": "pyproject-nix",
        "repo": "uv2nix",
        "type": "github"
      }
    },
    "xdg-desktop-portal-umbriel": {
      "inputs": {
        "nixpkgs": [
          "umbriel",
          "nixpkgs"
        ]
      },
      "locked": {
        "lastModified": 1790459405,
        "narHash": "sha256-xDnu9icpormkETOo8Vn2Qr7Jkrz9ZqRf/jOhqADeeyg=",
        "owner": "noctalia-dev",
        "repo": "xdg-desktop-portal-umbriel",
        "rev": "d6bd72cabd83e3084fb2f2e24898d8ffa4a8c24f",
        "type": "github"
      },
      "original": {
        "owner": "noctalia-dev",
        "repo": "xdg-desktop-portal-umbriel",
        "type": "github"
      }
    }
  },
  "root": "root",
  "version": 7
}
